# @generated - this file is auto-generated by `mise lock` https://mise.en.dev/dev-tools/mise-lock.html

[[tools.bats]]
version = "1.13.0"
backend = "aqua:bats-core/bats-core"

[tools.bats."platforms.linux-arm64"]
url = "https://github.com/bats-core/bats-core/archive/refs/tags/v1.13.0.tar.gz"
url_api = "https://api.github.com/repos/bats-core/bats-core/tarball/v1.13.0"

[tools.bats."platforms.linux-arm64-musl"]
url = "https://github.com/bats-core/bats-core/archive/refs/tags/v1.13.0.tar.gz"
url_api = "https://api.github.com/repos/bats-core/bats-core/tarball/v1.13.0"

[tools.bats."platforms.linux-x64"]
checksum = "blake3:d34af9fd0f9101d5309b2de31f3d1699e56a574d7d4b5e6380580a9e758a9744"
url = "https://github.com/bats-core/bats-core/archive/refs/tags/v1.13.0.tar.gz"
url_api = "https://api.github.com/repos/bats-core/bats-core/tarball/v1.13.0"

[tools.bats."platforms.linux-x64-musl"]
url = "https://github.com/bats-core/bats-core/archive/refs/tags/v1.13.0.tar.gz"
url_api = "https://api.github.com/repos/bats-core/bats-core/tarball/v1.13.0"

[tools.bats."platforms.macos-arm64"]
url = "https://github.com/bats-core/bats-core/archive/refs/tags/v1.13.0.tar.gz"
url_api = "https://api.github.com/repos/bats-core/bats-core/tarball/v1.13.0"

[tools.bats."platforms.macos-x64"]
url = "https://github.com/bats-core/bats-core/archive/refs/tags/v1.13.0.tar.gz"
url_api = "https://api.github.com/repos/bats-core/bats-core/tarball/v1.13.0"

[[tools.bitwarden-secrets-manager]]
version = "2.1.0"
backend = "aqua:bitwarden/sdk-sm"

[tools.bitwarden-secrets-manager."platforms.linux-arm64"]
checksum = "sha256:18253757286e119d450133a87eb463bf8c1ce418ce24c834f4f250d60cba6f9e"
url = "https://github.com/bitwarden/sdk-sm/releases/download/bws-v2.1.0/bws-aarch64-unknown-linux-gnu-2.1.0.zip"
url_api = "https://api.github.com/repos/bitwarden/sdk-sm/releases/assets/426507287"

[tools.bitwarden-secrets-manager."platforms.linux-arm64-musl"]
checksum = "sha256:eb0f1ae61d1c3b74244d2841233276e05c77e8be4da197ed90fc6248387005e1"
url = "https://github.com/bitwarden/sdk-sm/releases/download/bws-v2.1.0/bws-aarch64-unknown-linux-musl-2.1.0.zip"
url_api = "https://api.github.com/repos/bitwarden/sdk-sm/releases/assets/426507265"

[tools.bitwarden-secrets-manager."platforms.linux-x64"]
checksum = "sha256:ba8233c3a4aee5d43e3c73bbd04d99e9bc5aba13bbbfd06d89b073abe732b860"
url = "https://github.com/bitwarden/sdk-sm/releases/download/bws-v2.1.0/bws-x86_64-unknown-linux-gnu-2.1.0.zip"
url_api = "https://api.github.com/repos/bitwarden/sdk-sm/releases/assets/426507282"

[tools.bitwarden-secrets-manager."platforms.linux-x64-musl"]
checksum = "sha256:f59ee150e42b82128d437087e9bac920053c6bfddcb960d20ce9386e5ac9bba6"
url = "https://github.com/bitwarden/sdk-sm/releases/download/bws-v2.1.0/bws-x86_64-unknown-linux-musl-2.1.0.zip"
url_api = "https://api.github.com/repos/bitwarden/sdk-sm/releases/assets/426507255"

[tools.bitwarden-secrets-manager."platforms.macos-arm64"]
checksum = "sha256:9cb1c1c6e6164d83b2e339883ba02b4cbb37188ce9a484b1ce8249443163e066"
url = "https://github.com/bitwarden/sdk-sm/releases/download/bws-v2.1.0/bws-aarch64-apple-darwin-2.1.0.zip"
url_api = "https://api.github.com/repos/bitwarden/sdk-sm/releases/assets/426507211"

[tools.bitwarden-secrets-manager."platforms.macos-x64"]
checksum = "sha256:6f626b3971368902af1b9847c02791a1b4666969d7561e2047681cded7997537"
url = "https://github.com/bitwarden/sdk-sm/releases/download/bws-v2.1.0/bws-x86_64-apple-darwin-2.1.0.zip"
url_api = "https://api.github.com/repos/bitwarden/sdk-sm/releases/assets/426507196"

[tools.bitwarden-secrets-manager."platforms.windows-x64"]
checksum = "sha256:8d6f2b51beb6f992b5b1de8b85a98bdf18de74096b724d17fa06219fc23f2bd5"
url = "https://github.com/bitwarden/sdk-sm/releases/download/bws-v2.1.0/bws-x86_64-pc-windows-msvc-2.1.0.zip"
url_api = "https://api.github.com/repos/bitwarden/sdk-sm/releases/assets/426507247"

[[tools."github:creativeprojects/resticprofile"]]
version = "0.33.1"
backend = "github:creativeprojects/resticprofile"

[tools."github:creativeprojects/resticprofile"."platforms.linux-arm64"]
checksum = "sha256:0d547cc0c34a83a8c1d884271a70340da90fe8750ac4a2d7de8ed7aa1d9bb9c7"
url = "https://github.com/creativeprojects/resticprofile/releases/download/v0.33.1/resticprofile_0.33.1_linux_arm64.tar.gz"
url_api = "https://api.github.com/repos/creativeprojects/resticprofile/releases/assets/397071528"

[tools."github:creativeprojects/resticprofile"."platforms.linux-arm64-musl"]
checksum = "sha256:0d547cc0c34a83a8c1d884271a70340da90fe8750ac4a2d7de8ed7aa1d9bb9c7"
url = "https://github.com/creativeprojects/resticprofile/releases/download/v0.33.1/resticprofile_0.33.1_linux_arm64.tar.gz"
url_api = "https://api.github.com/repos/creativeprojects/resticprofile/releases/assets/397071528"

[tools."github:creativeprojects/resticprofile"."platforms.linux-x64"]
checksum = "sha256:5fecd20de21811a750a4d61e841b2258fdf018bbfffad136c96078df27b452df"
url = "https://github.com/creativeprojects/resticprofile/releases/download/v0.33.1/resticprofile_0.33.1_linux_amd64.tar.gz"
url_api = "https://api.github.com/repos/creativeprojects/resticprofile/releases/assets/397071488"

[tools."github:creativeprojects/resticprofile"."platforms.linux-x64-musl"]
checksum = "sha256:5fecd20de21811a750a4d61e841b2258fdf018bbfffad136c96078df27b452df"
url = "https://github.com/creativeprojects/resticprofile/releases/download/v0.33.1/resticprofile_0.33.1_linux_amd64.tar.gz"
url_api = "https://api.github.com/repos/creativeprojects/resticprofile/releases/assets/397071488"

[tools."github:creativeprojects/resticprofile"."platforms.macos-arm64"]
checksum = "sha256:2ae1f430d8c99cdc9777fe4d476c7cef2dbdf6fff0683bd08434aebc22ae7caf"
url = "https://github.com/creativeprojects/resticprofile/releases/download/v0.33.1/resticprofile_0.33.1_darwin_arm64.tar.gz"
url_api = "https://api.github.com/repos/creativeprojects/resticprofile/releases/assets/397071523"

[tools."github:creativeprojects/resticprofile"."platforms.macos-x64"]
checksum = "sha256:d4d3261f506ac753b46dc4fb201e71edc86fa374e42541b034104417ee438ac3"
url = "https://github.com/creativeprojects/resticprofile/releases/download/v0.33.1/resticprofile_0.33.1_darwin_amd64.tar.gz"
url_api = "https://api.github.com/repos/creativeprojects/resticprofile/releases/assets/397071557"

[tools."github:creativeprojects/resticprofile"."platforms.windows-x64"]
checksum = "sha256:f1b5b313e742e3265f8ed3ca0097fd01b3433e2bed79f2925425f101359aac67"
url = "https://github.com/creativeprojects/resticprofile/releases/download/v0.33.1/resticprofile_0.33.1_windows_amd64.zip"
url_api = "https://api.github.com/repos/creativeprojects/resticprofile/releases/assets/397071636"

[[tools."github:facebook/zstd"]]
version = "1.5.7"
backend = "github:facebook/zstd"

[tools."github:facebook/zstd"."platforms.linux-arm64"]
checksum = "sha256:5b331d961d6989dc21bb03397fc7a2a4d86bc65a14adc5ffbbce050354e30fd2"
url = "https://github.com/facebook/zstd/releases/download/v1.5.7/zstd-1.5.7.tar.zst"
url_api = "https://api.github.com/repos/facebook/zstd/releases/assets/230758926"

[tools."github:facebook/zstd"."platforms.linux-arm64-musl"]
checksum = "sha256:5b331d961d6989dc21bb03397fc7a2a4d86bc65a14adc5ffbbce050354e30fd2"
url = "https://github.com/facebook/zstd/releases/download/v1.5.7/zstd-1.5.7.tar.zst"
url_api = "https://api.github.com/repos/facebook/zstd/releases/assets/230758926"

[tools."github:facebook/zstd"."platforms.linux-x64"]
checksum = "sha256:5b331d961d6989dc21bb03397fc7a2a4d86bc65a14adc5ffbbce050354e30fd2"
url = "https://github.com/facebook/zstd/releases/download/v1.5.7/zstd-1.5.7.tar.zst"
url_api = "https://api.github.com/repos/facebook/zstd/releases/assets/230758926"

[tools."github:facebook/zstd"."platforms.linux-x64-musl"]
checksum = "sha256:5b331d961d6989dc21bb03397fc7a2a4d86bc65a14adc5ffbbce050354e30fd2"
url = "https://github.com/facebook/zstd/releases/download/v1.5.7/zstd-1.5.7.tar.zst"
url_api = "https://api.github.com/repos/facebook/zstd/releases/assets/230758926"

[tools."github:facebook/zstd"."platforms.macos-arm64"]
checksum = "sha256:5b331d961d6989dc21bb03397fc7a2a4d86bc65a14adc5ffbbce050354e30fd2"
url = "https://github.com/facebook/zstd/releases/download/v1.5.7/zstd-1.5.7.tar.zst"
url_api = "https://api.github.com/repos/facebook/zstd/releases/assets/230758926"

[tools."github:facebook/zstd"."platforms.macos-x64"]
checksum = "sha256:5b331d961d6989dc21bb03397fc7a2a4d86bc65a14adc5ffbbce050354e30fd2"
url = "https://github.com/facebook/zstd/releases/download/v1.5.7/zstd-1.5.7.tar.zst"
url_api = "https://api.github.com/repos/facebook/zstd/releases/assets/230758926"

[tools."github:facebook/zstd"."platforms.windows-x64"]
url = "https://github.com/facebook/zstd/releases/download/v1.5.7/zstd-v1.5.7-win32.zip"
url_api = "https://api.github.com/repos/facebook/zstd/releases/assets/233456182"

[[tools.jq]]
version = "1.8.2"
backend = "aqua:jqlang/jq"

[tools.jq."platforms.linux-arm64"]
checksum = "sha256:8b85c817833814ddca00a144c33705546355afccf0cf39b188f3cdb48b852309"
url = "https://github.com/jqlang/jq/releases/download/jq-1.8.2/jq-linux-arm64"
url_api = "https://api.github.com/repos/jqlang/jq/releases/assets/453012756"
provenance = "github-attestations"

[tools.jq."platforms.linux-arm64-musl"]
checksum = "sha256:8b85c817833814ddca00a144c33705546355afccf0cf39b188f3cdb48b852309"
url = "https://github.com/jqlang/jq/releases/download/jq-1.8.2/jq-linux-arm64"
url_api = "https://api.github.com/repos/jqlang/jq/releases/assets/453012756"
provenance = "github-attestations"

[tools.jq."platforms.linux-x64"]
checksum = "sha256:b1c22172dd303f3be49e935aa56aa48a8b7a46e0bc838b4997d3bb451495870f"
url = "https://github.com/jqlang/jq/releases/download/jq-1.8.2/jq-linux-amd64"
url_api = "https://api.github.com/repos/jqlang/jq/releases/assets/453012752"
provenance = "github-attestations"

[tools.jq."platforms.linux-x64-musl"]
checksum = "sha256:b1c22172dd303f3be49e935aa56aa48a8b7a46e0bc838b4997d3bb451495870f"
url = "https://github.com/jqlang/jq/releases/download/jq-1.8.2/jq-linux-amd64"
url_api = "https://api.github.com/repos/jqlang/jq/releases/assets/453012752"
provenance = "github-attestations"

[tools.jq."platforms.macos-arm64"]
checksum = "sha256:2d75340ba57a4b4b4c8708a21c2dc8e958a48aaa8bba13b27f77f6e4c0eca07e"
url = "https://github.com/jqlang/jq/releases/download/jq-1.8.2/jq-macos-arm64"
url_api = "https://api.github.com/repos/jqlang/jq/releases/assets/453012783"
provenance = "github-attestations"

[tools.jq."platforms.macos-x64"]
checksum = "sha256:e94b266e3c26690550006abe63152b782280f4e14374accdf04cbde844f00bc0"
url = "https://github.com/jqlang/jq/releases/download/jq-1.8.2/jq-macos-amd64"
url_api = "https://api.github.com/repos/jqlang/jq/releases/assets/453012782"
provenance = "github-attestations"

[tools.jq."platforms.windows-x64"]
checksum = "sha256:a6fc67fedaf9128a3309a1e2ebb8b986aeccf70122ee46d2cb4849e423f0c627"
url = "https://github.com/jqlang/jq/releases/download/jq-1.8.2/jq-windows-amd64.exe"
url_api = "https://api.github.com/repos/jqlang/jq/releases/assets/453012788"
provenance = "github-attestations"

[[tools.restic]]
version = "0.19.1"
backend = "aqua:restic/restic"

[tools.restic."platforms.linux-arm64"]
checksum = "sha256:a5f64aaab53d51e311fa3829124c5b703f2d14cf187d8640b6be3b2b49376465"
url = "https://github.com/restic/restic/releases/download/v0.19.1/restic_0.19.1_linux_arm64.bz2"
url_api = "https://api.github.com/repos/restic/restic/releases/assets/466999588"

[tools.restic."platforms.linux-arm64-musl"]
checksum = "sha256:a5f64aaab53d51e311fa3829124c5b703f2d14cf187d8640b6be3b2b49376465"
url = "https://github.com/restic/restic/releases/download/v0.19.1/restic_0.19.1_linux_arm64.bz2"
url_api = "https://api.github.com/repos/restic/restic/releases/assets/466999588"

[tools.restic."platforms.linux-x64"]
checksum = "sha256:f415415624dcc452f2a02b8c33641791a8c6d6d3b65bbb3543fcf9a25151585c"
url = "https://github.com/restic/restic/releases/download/v0.19.1/restic_0.19.1_linux_amd64.bz2"
url_api = "https://api.github.com/repos/restic/restic/releases/assets/466999719"

[tools.restic."platforms.linux-x64-musl"]
checksum = "sha256:f415415624dcc452f2a02b8c33641791a8c6d6d3b65bbb3543fcf9a25151585c"
url = "https://github.com/restic/restic/releases/download/v0.19.1/restic_0.19.1_linux_amd64.bz2"
url_api = "https://api.github.com/repos/restic/restic/releases/assets/466999719"

[tools.restic."platforms.macos-arm64"]
checksum = "sha256:7be0a144ccc377880f294204aa271d76e4b79554b42a751151d425ce6ebac143"
url = "https://github.com/restic/restic/releases/download/v0.19.1/restic_0.19.1_darwin_arm64.bz2"
url_api = "https://api.github.com/repos/restic/restic/releases/assets/467000314"

[tools.restic."platforms.macos-x64"]
checksum = "sha256:c38d579622cf602f665234c5a8c315030b6cf70656028fe6dc29a786b60e5f35"
url = "https://github.com/restic/restic/releases/download/v0.19.1/restic_0.19.1_darwin_amd64.bz2"
url_api = "https://api.github.com/repos/restic/restic/releases/assets/467000400"

[tools.restic."platforms.windows-x64"]
checksum = "sha256:da948ad707ed690426473aaba2046cd61f8f90f6f0e7dab6be0d5796531de67d"
url = "https://github.com/restic/restic/releases/download/v0.19.1/restic_0.19.1_windows_amd64.zip"
url_api = "https://api.github.com/repos/restic/restic/releases/assets/466998668"
